
Microsoft Visual Studio Solution File, Format Version 12.00
# Visual Studio Version 16
VisualStudioVersion = 16.0.31515.178
MinimumVisualStudioVersion = 10.0.40219.1
Project("{888888A0-9F3D-457C-B088-3A5042F75D52}") = "CIS261 Phase3", "CIS261 Phase3.pyproj", "{9F685A28-506D-4518-87D0-CAE8F3D8B456}"
EndProject
Global
	GlobalSection(SolutionConfigurationPlatforms) = preSolution
		Debug|Any CPU = Debug|Any CPU
		Release|Any CPU = Release|Any CPU
	EndGlobalSection
	GlobalSection(ProjectConfigurationPlatforms) = postSolution
		{9F685A28-506D-4518-87D0-CAE8F3D8B456}.Debug|Any CPU.ActiveCfg = Debug|Any CPU
		{9F685A28-506D-4518-87D0-CAE8F3D8B456}.Release|Any CPU.ActiveCfg = Release|Any CPU
	EndGlobalSection
	GlobalSection(SolutionProperties) = preSolution
		HideSolutionNode = FALSE
	EndGlobalSection
	GlobalSection(ExtensibilityGlobals) = postSolution
		SolutionGuid = {DADF5D05-D1E3-4A86-871A-FB4AEBF09CE9}
	EndGlobalSection
EndGlobal
